
Microsoft Visual Studio Solution File, Format Version 11.00
# Visual Studio 2010
Project("{FAE04EC0-301F-11D3-BF4B-00C04F79EFBC}") = "Assembly-CSharp", "Assembly-CSharp.csproj", "{7C9DAA60-6DE8-A908-0D13-6AFDB2719DEE}"
EndProject
Project("{FAE04EC0-301F-11D3-BF4B-00C04F79EFBC}") = "Assembly-CSharp-Editor", "Assembly-CSharp-Editor.csproj", "{DC2C3AF9-85F7-67EB-EE75-747CDFACACEE}"
EndProject
Global
	GlobalSection(SolutionConfigurationPlatforms) = preSolution
		Debug|Any CPU = Debug|Any CPU
		Release|Any CPU = Release|Any CPU
	EndGlobalSection
	GlobalSection(ProjectConfigurationPlatforms) = postSolution
		{7C9DAA60-6DE8-A908-0D13-6AFDB2719DEE}.Debug|Any CPU.ActiveCfg = Debug|Any CPU
		{7C9DAA60-6DE8-A908-0D13-6AFDB2719DEE}.Debug|Any CPU.Build.0 = Debug|Any CPU
		{7C9DAA60-6DE8-A908-0D13-6AFDB2719DEE}.Release|Any CPU.ActiveCfg = Release|Any CPU
		{7C9DAA60-6DE8-A908-0D13-6AFDB2719DEE}.Release|Any CPU.Build.0 = Release|Any CPU
		{DC2C3AF9-85F7-67EB-EE75-747CDFACACEE}.Debug|Any CPU.ActiveCfg = Debug|Any CPU
		{DC2C3AF9-85F7-67EB-EE75-747CDFACACEE}.Debug|Any CPU.Build.0 = Debug|Any CPU
		{DC2C3AF9-85F7-67EB-EE75-747CDFACACEE}.Release|Any CPU.ActiveCfg = Release|Any CPU
		{DC2C3AF9-85F7-67EB-EE75-747CDFACACEE}.Release|Any CPU.Build.0 = Release|Any CPU
	EndGlobalSection
	GlobalSection(SolutionProperties) = preSolution
		HideSolutionNode = FALSE
	EndGlobalSection
EndGlobal
